
Microsoft Visual Studio Solution File, Format Version 12.00
# Visual Studio 15
VisualStudioVersion = 15.0.28307.168
MinimumVisualStudioVersion = 10.0.40219.1
Project("{FAE04EC0-301F-11D3-BF4B-00C04F79EFBC}") = "1-Modules_Controllers", "1-Modules_Controllers\1-Modules_Controllers.csproj", "{4205AB30-3C2E-47AA-B4C8-FE56F7AE0C78}"
EndProject
Project("{2150E333-8FDC-42A3-9474-1A3956D46DE8}") = "AngularJS", "AngularJS", "{3253C171-0504-45D9-87C6-6F342D655DDF}"
EndProject
Global
	GlobalSection(SolutionConfigurationPlatforms) = preSolution
		Debug|Any CPU = Debug|Any CPU
		Release|Any CPU = Release|Any CPU
	EndGlobalSection
	GlobalSection(ProjectConfigurationPlatforms) = postSolution
		{4205AB30-3C2E-47AA-B4C8-FE56F7AE0C78}.Debug|Any CPU.ActiveCfg = Debug|Any CPU
		{4205AB30-3C2E-47AA-B4C8-FE56F7AE0C78}.Debug|Any CPU.Build.0 = Debug|Any CPU
		{4205AB30-3C2E-47AA-B4C8-FE56F7AE0C78}.Release|Any CPU.ActiveCfg = Release|Any CPU
		{4205AB30-3C2E-47AA-B4C8-FE56F7AE0C78}.Release|Any CPU.Build.0 = Release|Any CPU
	EndGlobalSection
	GlobalSection(SolutionProperties) = preSolution
		HideSolutionNode = FALSE
	EndGlobalSection
	GlobalSection(NestedProjects) = preSolution
		{4205AB30-3C2E-47AA-B4C8-FE56F7AE0C78} = {3253C171-0504-45D9-87C6-6F342D655DDF}
	EndGlobalSection
	GlobalSection(ExtensibilityGlobals) = postSolution
		SolutionGuid = {A543638F-DCA7-4723-A97B-28BFFDC5EECB}
	EndGlobalSection
EndGlobal
