
Microsoft Visual Studio Solution File, Format Version 12.00
# Visual Studio 15
VisualStudioVersion = 15.0.28307.168
MinimumVisualStudioVersion = 10.0.40219.1
Project("{FAE04EC0-301F-11D3-BF4B-00C04F79EFBC}") = "Modules_Controllers", "1-Modules_Controllers\Modules_Controllers.csproj", "{F2F9BDF5-D822-4E51-B7F1-A4801C797C69}"
EndProject
Project("{FAE04EC0-301F-11D3-BF4B-00C04F79EFBC}") = "Controllers", "2-Controllers\Controllers.csproj", "{F6D45A7C-9429-47D5-AD4A-31C9E6393214}"
EndProject
Project("{FAE04EC0-301F-11D3-BF4B-00C04F79EFBC}") = "ng src", "3-ng src\ng src.csproj", "{9D881246-A07D-407B-9B5C-0F57CCDCD518}"
EndProject
Project("{FAE04EC0-301F-11D3-BF4B-00C04F79EFBC}") = "2way data binding", "4-2way data binding\2way data binding.csproj", "{226063A4-2AB7-4EB1-81EF-C0042E205F07}"
EndProject
Project("{FAE04EC0-301F-11D3-BF4B-00C04F79EFBC}") = "ng repeat", "5-ng repeat\ng repeat.csproj", "{0D8221C9-6758-422C-8056-770710B3ACA7}"
EndProject
Project("{FAE04EC0-301F-11D3-BF4B-00C04F79EFBC}") = "ng repeat_nested", "6-nested_ng repeat\ng repeat_nested.csproj", "{4D3B5564-7501-424C-81A6-F518140B0DE0}"
EndProject
Project("{FAE04EC0-301F-11D3-BF4B-00C04F79EFBC}") = "Events", "7-Events\Events.csproj", "{A527F227-99DF-415F-8AAF-54038CB77C29}"
EndProject
Project("{FAE04EC0-301F-11D3-BF4B-00C04F79EFBC}") = "filters", "8-filters\filters.csproj", "{9F850C1D-1E23-401B-A0B9-E1111592D018}"
EndProject
Project("{FAE04EC0-301F-11D3-BF4B-00C04F79EFBC}") = "filters_sort data", "9-filters_sort data\filters_sort data.csproj", "{AA1F6CBA-1192-4BB3-930A-A5837B663BC7}"
EndProject
Project("{FAE04EC0-301F-11D3-BF4B-00C04F79EFBC}") = "filters_sort rows", "10-filters_sort rows\filters_sort rows.csproj", "{7446C52D-EB28-417B-BC6C-552723957476}"
EndProject
Project("{FAE04EC0-301F-11D3-BF4B-00C04F79EFBC}") = "filters_search filters", "filters_search filters\filters_search filters.csproj", "{9DC9B9AA-5FC2-427F-994F-48C1B8D7296F}"
EndProject
Project("{FAE04EC0-301F-11D3-BF4B-00C04F79EFBC}") = "filters-multiple properties", "filters-multiple properties\filters-multiple properties.csproj", "{1A925F35-1F9F-42E5-B274-7AA64B968081}"
EndProject
Project("{FAE04EC0-301F-11D3-BF4B-00C04F79EFBC}") = "filters-custom filter", "filters-custom filter\filters-custom filter.csproj", "{0A526224-DC45-4CF1-BE29-FE450C5658A7}"
EndProject
Project("{FAE04EC0-301F-11D3-BF4B-00C04F79EFBC}") = "ng hide-show", "ng hide-show\ng hide-show.csproj", "{16F30253-EB1E-4738-9640-6F899C2400E2}"
EndProject
Project("{FAE04EC0-301F-11D3-BF4B-00C04F79EFBC}") = "ng include", "ng include\ng include.csproj", "{F571F434-3F2F-448E-A288-CF36C4915B47}"
EndProject
Project("{FAE04EC0-301F-11D3-BF4B-00C04F79EFBC}") = "custom service", "custom service\custom service.csproj", "{CDF10962-D61E-4BCF-872B-C8CCE0C60E3F}"
EndProject
Global
	GlobalSection(SolutionConfigurationPlatforms) = preSolution
		Debug|Any CPU = Debug|Any CPU
		Release|Any CPU = Release|Any CPU
	EndGlobalSection
	GlobalSection(ProjectConfigurationPlatforms) = postSolution
		{F2F9BDF5-D822-4E51-B7F1-A4801C797C69}.Debug|Any CPU.ActiveCfg = Debug|Any CPU
		{F2F9BDF5-D822-4E51-B7F1-A4801C797C69}.Debug|Any CPU.Build.0 = Debug|Any CPU
		{F2F9BDF5-D822-4E51-B7F1-A4801C797C69}.Release|Any CPU.ActiveCfg = Release|Any CPU
		{F2F9BDF5-D822-4E51-B7F1-A4801C797C69}.Release|Any CPU.Build.0 = Release|Any CPU
		{F6D45A7C-9429-47D5-AD4A-31C9E6393214}.Debug|Any CPU.ActiveCfg = Debug|Any CPU
		{F6D45A7C-9429-47D5-AD4A-31C9E6393214}.Debug|Any CPU.Build.0 = Debug|Any CPU
		{F6D45A7C-9429-47D5-AD4A-31C9E6393214}.Release|Any CPU.ActiveCfg = Release|Any CPU
		{F6D45A7C-9429-47D5-AD4A-31C9E6393214}.Release|Any CPU.Build.0 = Release|Any CPU
		{9D881246-A07D-407B-9B5C-0F57CCDCD518}.Debug|Any CPU.ActiveCfg = Debug|Any CPU
		{9D881246-A07D-407B-9B5C-0F57CCDCD518}.Debug|Any CPU.Build.0 = Debug|Any CPU
		{9D881246-A07D-407B-9B5C-0F57CCDCD518}.Release|Any CPU.ActiveCfg = Release|Any CPU
		{9D881246-A07D-407B-9B5C-0F57CCDCD518}.Release|Any CPU.Build.0 = Release|Any CPU
		{226063A4-2AB7-4EB1-81EF-C0042E205F07}.Debug|Any CPU.ActiveCfg = Debug|Any CPU
		{226063A4-2AB7-4EB1-81EF-C0042E205F07}.Debug|Any CPU.Build.0 = Debug|Any CPU
		{226063A4-2AB7-4EB1-81EF-C0042E205F07}.Release|Any CPU.ActiveCfg = Release|Any CPU
		{226063A4-2AB7-4EB1-81EF-C0042E205F07}.Release|Any CPU.Build.0 = Release|Any CPU
		{0D8221C9-6758-422C-8056-770710B3ACA7}.Debug|Any CPU.ActiveCfg = Debug|Any CPU
		{0D8221C9-6758-422C-8056-770710B3ACA7}.Debug|Any CPU.Build.0 = Debug|Any CPU
		{0D8221C9-6758-422C-8056-770710B3ACA7}.Release|Any CPU.ActiveCfg = Release|Any CPU
		{0D8221C9-6758-422C-8056-770710B3ACA7}.Release|Any CPU.Build.0 = Release|Any CPU
		{4D3B5564-7501-424C-81A6-F518140B0DE0}.Debug|Any CPU.ActiveCfg = Debug|Any CPU
		{4D3B5564-7501-424C-81A6-F518140B0DE0}.Debug|Any CPU.Build.0 = Debug|Any CPU
		{4D3B5564-7501-424C-81A6-F518140B0DE0}.Release|Any CPU.ActiveCfg = Release|Any CPU
		{4D3B5564-7501-424C-81A6-F518140B0DE0}.Release|Any CPU.Build.0 = Release|Any CPU
		{A527F227-99DF-415F-8AAF-54038CB77C29}.Debug|Any CPU.ActiveCfg = Debug|Any CPU
		{A527F227-99DF-415F-8AAF-54038CB77C29}.Debug|Any CPU.Build.0 = Debug|Any CPU
		{A527F227-99DF-415F-8AAF-54038CB77C29}.Release|Any CPU.ActiveCfg = Release|Any CPU
		{A527F227-99DF-415F-8AAF-54038CB77C29}.Release|Any CPU.Build.0 = Release|Any CPU
		{9F850C1D-1E23-401B-A0B9-E1111592D018}.Debug|Any CPU.ActiveCfg = Debug|Any CPU
		{9F850C1D-1E23-401B-A0B9-E1111592D018}.Debug|Any CPU.Build.0 = Debug|Any CPU
		{9F850C1D-1E23-401B-A0B9-E1111592D018}.Release|Any CPU.ActiveCfg = Release|Any CPU
		{9F850C1D-1E23-401B-A0B9-E1111592D018}.Release|Any CPU.Build.0 = Release|Any CPU
		{AA1F6CBA-1192-4BB3-930A-A5837B663BC7}.Debug|Any CPU.ActiveCfg = Debug|Any CPU
		{AA1F6CBA-1192-4BB3-930A-A5837B663BC7}.Debug|Any CPU.Build.0 = Debug|Any CPU
		{AA1F6CBA-1192-4BB3-930A-A5837B663BC7}.Release|Any CPU.ActiveCfg = Release|Any CPU
		{AA1F6CBA-1192-4BB3-930A-A5837B663BC7}.Release|Any CPU.Build.0 = Release|Any CPU
		{7446C52D-EB28-417B-BC6C-552723957476}.Debug|Any CPU.ActiveCfg = Debug|Any CPU
		{7446C52D-EB28-417B-BC6C-552723957476}.Debug|Any CPU.Build.0 = Debug|Any CPU
		{7446C52D-EB28-417B-BC6C-552723957476}.Release|Any CPU.ActiveCfg = Release|Any CPU
		{7446C52D-EB28-417B-BC6C-552723957476}.Release|Any CPU.Build.0 = Release|Any CPU
		{9DC9B9AA-5FC2-427F-994F-48C1B8D7296F}.Debug|Any CPU.ActiveCfg = Debug|Any CPU
		{9DC9B9AA-5FC2-427F-994F-48C1B8D7296F}.Debug|Any CPU.Build.0 = Debug|Any CPU
		{9DC9B9AA-5FC2-427F-994F-48C1B8D7296F}.Release|Any CPU.ActiveCfg = Release|Any CPU
		{9DC9B9AA-5FC2-427F-994F-48C1B8D7296F}.Release|Any CPU.Build.0 = Release|Any CPU
		{1A925F35-1F9F-42E5-B274-7AA64B968081}.Debug|Any CPU.ActiveCfg = Debug|Any CPU
		{1A925F35-1F9F-42E5-B274-7AA64B968081}.Debug|Any CPU.Build.0 = Debug|Any CPU
		{1A925F35-1F9F-42E5-B274-7AA64B968081}.Release|Any CPU.ActiveCfg = Release|Any CPU
		{1A925F35-1F9F-42E5-B274-7AA64B968081}.Release|Any CPU.Build.0 = Release|Any CPU
		{0A526224-DC45-4CF1-BE29-FE450C5658A7}.Debug|Any CPU.ActiveCfg = Debug|Any CPU
		{0A526224-DC45-4CF1-BE29-FE450C5658A7}.Debug|Any CPU.Build.0 = Debug|Any CPU
		{0A526224-DC45-4CF1-BE29-FE450C5658A7}.Release|Any CPU.ActiveCfg = Release|Any CPU
		{0A526224-DC45-4CF1-BE29-FE450C5658A7}.Release|Any CPU.Build.0 = Release|Any CPU
		{16F30253-EB1E-4738-9640-6F899C2400E2}.Debug|Any CPU.ActiveCfg = Debug|Any CPU
		{16F30253-EB1E-4738-9640-6F899C2400E2}.Debug|Any CPU.Build.0 = Debug|Any CPU
		{16F30253-EB1E-4738-9640-6F899C2400E2}.Release|Any CPU.ActiveCfg = Release|Any CPU
		{16F30253-EB1E-4738-9640-6F899C2400E2}.Release|Any CPU.Build.0 = Release|Any CPU
		{F571F434-3F2F-448E-A288-CF36C4915B47}.Debug|Any CPU.ActiveCfg = Debug|Any CPU
		{F571F434-3F2F-448E-A288-CF36C4915B47}.Debug|Any CPU.Build.0 = Debug|Any CPU
		{F571F434-3F2F-448E-A288-CF36C4915B47}.Release|Any CPU.ActiveCfg = Release|Any CPU
		{F571F434-3F2F-448E-A288-CF36C4915B47}.Release|Any CPU.Build.0 = Release|Any CPU
		{CDF10962-D61E-4BCF-872B-C8CCE0C60E3F}.Debug|Any CPU.ActiveCfg = Debug|Any CPU
		{CDF10962-D61E-4BCF-872B-C8CCE0C60E3F}.Debug|Any CPU.Build.0 = Debug|Any CPU
		{CDF10962-D61E-4BCF-872B-C8CCE0C60E3F}.Release|Any CPU.ActiveCfg = Release|Any CPU
		{CDF10962-D61E-4BCF-872B-C8CCE0C60E3F}.Release|Any CPU.Build.0 = Release|Any CPU
	EndGlobalSection
	GlobalSection(SolutionProperties) = preSolution
		HideSolutionNode = FALSE
	EndGlobalSection
	GlobalSection(ExtensibilityGlobals) = postSolution
		SolutionGuid = {B4CDBF71-705F-4D77-B057-0818901E76BF}
	EndGlobalSection
EndGlobal
